<?xml version="1.0" encoding="utf-8"?>
<Project ToolsVersion="4.0" xmlns="http://schemas.microsoft.com/developer/msbuild/2003">
  <ItemGroup>
    <Filter Include="code analysis">
      <UniqueIdentifier>{a3843bc7-0b80-405e-ae53-edaa34659e10}</UniqueIdentifier>
    </Filter>
    <Filter Include="code analysis\text">
      <UniqueIdentifier>{94da6d1e-bd2c-4c2d-98ea-fd5b21244759}</UniqueIdentifier>
    </Filter>
    <Filter Include="code analysis\syntax">
      <UniqueIdentifier>{0ad88614-44b3-4473-8dc0-f14b91be408f}</UniqueIdentifier>
    </Filter>
    <Filter Include="code analysis\evaluation">
      <UniqueIdentifier>{b604f1aa-6469-4522-80e8-ef542543c723}</UniqueIdentifier>
    </Filter>
    <Filter Include="code analysis\syntax\expression">
      <UniqueIdentifier>{01ec989b-62ec-4863-a928-4e62b240aa25}</UniqueIdentifier>
    </Filter>
    <Filter Include="code analysis\syntax\statement">
      <UniqueIdentifier>{14543348-a4b1-46f4-ab52-f3a524e12a0a}</UniqueIdentifier>
    </Filter>
    <Filter Include="utility">
      <UniqueIdentifier>{1df0cc4b-a423-4cf0-b621-e51d603c48ab}</UniqueIdentifier>
    </Filter>
    <Filter Include="benchmark">
      <UniqueIdentifier>{c01f67b1-0bae-4bda-a5c1-0e6554267c28}</UniqueIdentifier>
    </Filter>
    <Filter Include="code analysis\binding">
      <UniqueIdentifier>{f54f6a40-c5e9-4b36-8220-54ef4e9e72db}</UniqueIdentifier>
    </Filter>
    <Filter Include="code analysis\binding\expression">
      <UniqueIdentifier>{e8c2f594-64df-43c4-a70f-a33124e593e4}</UniqueIdentifier>
    </Filter>
    <Filter Include="code analysis\binding\statement">
      <UniqueIdentifier>{d4f6bb24-914d-484b-b438-c5e766026821}</UniqueIdentifier>
    </Filter>
    <Filter Include="code analysis\symbols">
      <UniqueIdentifier>{4d7954b2-1407-4d2e-b699-eadba6b84fe3}</UniqueIdentifier>
    </Filter>
    <Filter Include="runtime">
      <UniqueIdentifier>{f5d53fd9-793d-4f40-bcaf-eca1e8a86ca5}</UniqueIdentifier>
    </Filter>
    <Filter Include="user interface">
      <UniqueIdentifier>{b28fd7de-c8af-45d3-a0b6-df7f9c932ef7}</UniqueIdentifier>
    </Filter>
    <Filter Include="user interface\console">
      <UniqueIdentifier>{6b5d477b-4a76-4aba-a371-13c92f7a88c0}</UniqueIdentifier>
    </Filter>
    <Filter Include="user interface\command">
      <UniqueIdentifier>{45e85202-00b7-4165-bbf2-9d43488876db}</UniqueIdentifier>
    </Filter>
    <Filter Include="user interface\console\error">
      <UniqueIdentifier>{dc838d25-08a7-4f88-9009-1121c4455b25}</UniqueIdentifier>
    </Filter>
    <Filter Include="utility\logger">
      <UniqueIdentifier>{f185f6fa-fc84-4c68-8e96-e224a80804f5}</UniqueIdentifier>
    </Filter>
    <Filter Include="utility\unit">
      <UniqueIdentifier>{606d1464-b231-49db-b4af-390ca8acfbaa}</UniqueIdentifier>
    </Filter>
    <Filter Include="utility\print">
      <UniqueIdentifier>{06af48a5-e675-4bea-b369-4fa4213af255}</UniqueIdentifier>
    </Filter>
    <Filter Include="utility\logger\tarrgets">
      <UniqueIdentifier>{a721ae46-6ecc-4028-9bbf-0243b50133a2}</UniqueIdentifier>
    </Filter>
    <Filter Include="utility\logger\level">
      <UniqueIdentifier>{7c19997d-e5c9-42de-802a-d2d8bc01edd2}</UniqueIdentifier>
    </Filter>
    <Filter Include="code analysis\syntax\builtin">
      <UniqueIdentifier>{3a137db6-f95f-4531-a2e9-36a0a280295b}</UniqueIdentifier>
    </Filter>
  </ItemGroup>
  <ItemGroup>
    <ClCompile Include="main.ixx" />
    <ClCompile Include="source_text.ixx">
      <Filter>code analysis\text</Filter>
    </ClCompile>
    <ClCompile Include="syntax_kind.ixx">
      <Filter>code analysis\syntax</Filter>
    </ClCompile>
    <ClCompile Include="syntax_token.ixx">
      <Filter>code analysis\syntax</Filter>
    </ClCompile>
    <ClCompile Include="lexical_analyzer.ixx">
      <Filter>code analysis\syntax</Filter>
    </ClCompile>
    <ClCompile Include="text_line.ixx">
      <Filter>code analysis\text</Filter>
    </ClCompile>
    <ClCompile Include="text_span.ixx">
      <Filter>code analysis\text</Filter>
    </ClCompile>
    <ClCompile Include="argument_solver.ixx">
      <Filter>user interface</Filter>
    </ClCompile>
    <ClCompile Include="command_user_interface.ixx">
      <Filter>user interface</Filter>
    </ClCompile>
    <ClCompile Include="syntax_facts.ixx">
      <Filter>code analysis\syntax</Filter>
    </ClCompile>
    <ClCompile Include="parser.ixx">
      <Filter>code analysis\syntax</Filter>
    </ClCompile>
    <ClCompile Include="syntax_node.ixx">
      <Filter>code analysis\syntax</Filter>
    </ClCompile>
    <ClCompile Include="expression_syntax.ixx">
      <Filter>code analysis\syntax\expression</Filter>
    </ClCompile>
    <ClCompile Include="compilation_unit_syntax.ixx">
      <Filter>code analysis\syntax</Filter>
    </ClCompile>
    <ClCompile Include="name_expression_syntax.ixx">
      <Filter>code analysis\syntax\expression</Filter>
    </ClCompile>
    <ClCompile Include="unary_expression_syntax.ixx">
      <Filter>code analysis\syntax\expression</Filter>
    </ClCompile>
    <ClCompile Include="literal_expression_syntax.ixx">
      <Filter>code analysis\syntax\expression</Filter>
    </ClCompile>
    <ClCompile Include="assignment_expression_syntax.ixx">
      <Filter>code analysis\syntax\expression</Filter>
    </ClCompile>
    <ClCompile Include="binary_expression_syntax.ixx">
      <Filter>code analysis\syntax\expression</Filter>
    </ClCompile>
    <ClCompile Include="parenthesized_expression_syntax.ixx">
      <Filter>code analysis\syntax\expression</Filter>
    </ClCompile>
    <ClCompile Include="statemen_syntax.ixx">
      <Filter>code analysis\syntax\statement</Filter>
    </ClCompile>
    <ClCompile Include="block_statement_syntax.ixx">
      <Filter>code analysis\syntax\statement</Filter>
    </ClCompile>
    <ClCompile Include="variable_declaration_syntax.ixx">
      <Filter>code analysis\syntax\statement</Filter>
    </ClCompile>
    <ClCompile Include="if_statement_syntax.ixx">
      <Filter>code analysis\syntax\statement</Filter>
    </ClCompile>
    <ClCompile Include="else_clause_syntax.ixx">
      <Filter>code analysis\syntax\statement</Filter>
    </ClCompile>
    <ClCompile Include="zero_copy.ixx">
      <Filter>utility</Filter>
    </ClCompile>
    <ClCompile Include="expression_statement_syntax.ixx">
      <Filter>code analysis\syntax\statement</Filter>
    </ClCompile>
    <ClCompile Include="while_statement_syntax.ixx">
      <Filter>code analysis\syntax\statement</Filter>
    </ClCompile>
    <ClCompile Include="for_statement_syntax.ixx">
      <Filter>code analysis\syntax\statement</Filter>
    </ClCompile>
    <ClCompile Include="benchmark.ixx">
      <Filter>benchmark</Filter>
    </ClCompile>
    <ClCompile Include="pretty_print.ixx">
      <Filter>utility</Filter>
    </ClCompile>
    <ClCompile Include="syntax_tree.ixx">
      <Filter>code analysis\syntax</Filter>
    </ClCompile>
    <ClCompile Include="binder.ixx">
      <Filter>code analysis\binding</Filter>
    </ClCompile>
    <ClCompile Include="bound_scope.ixx">
      <Filter>code analysis\binding</Filter>
    </ClCompile>
    <ClCompile Include="diagnostic_list.ixx">
      <Filter>code analysis</Filter>
    </ClCompile>
    <ClCompile Include="diagnostic.ixx">
      <Filter>code analysis</Filter>
    </ClCompile>
    <ClCompile Include="bound_node.ixx">
      <Filter>code analysis\binding</Filter>
    </ClCompile>
    <ClCompile Include="bound_node_kind.ixx">
      <Filter>code analysis\binding</Filter>
    </ClCompile>
    <ClCompile Include="bound_expression.ixx">
      <Filter>code analysis\binding\expression</Filter>
    </ClCompile>
    <ClCompile Include="bound_expression_statement.ixx">
      <Filter>code analysis\binding\statement</Filter>
    </ClCompile>
    <ClCompile Include="bound_statement.ixx">
      <Filter>code analysis\binding\statement</Filter>
    </ClCompile>
    <ClCompile Include="bound_assignment_expression.ixx">
      <Filter>code analysis\binding\expression</Filter>
    </ClCompile>
    <ClCompile Include="symbol.ixx">
      <Filter>code analysis\symbols</Filter>
    </ClCompile>
    <ClCompile Include="pretty_print_syntax.ixx">
      <Filter>code analysis\syntax</Filter>
    </ClCompile>
    <ClCompile Include="pretty_print_binding.ixx">
      <Filter>code analysis\binding</Filter>
    </ClCompile>
    <ClCompile Include="symbol_kind.ixx">
      <Filter>code analysis\symbols</Filter>
    </ClCompile>
    <ClCompile Include="type_symbol.ixx">
      <Filter>code analysis\symbols</Filter>
    </ClCompile>
    <ClCompile Include="variable_symbol.ixx">
      <Filter>code analysis\symbols</Filter>
    </ClCompile>
    <ClCompile Include="pretty_print_symbol.ixx">
      <Filter>code analysis\symbols</Filter>
    </ClCompile>
    <ClCompile Include="bound_binary_operator.ixx">
      <Filter>code analysis\binding\expression</Filter>
    </ClCompile>
    <ClCompile Include="bound_binary_operator_kind.ixx">
      <Filter>code analysis\binding\expression</Filter>
    </ClCompile>
    <ClCompile Include="bound_block_statement.ixx">
      <Filter>code analysis\binding\statement</Filter>
    </ClCompile>
    <ClCompile Include="runtime.ixx">
      <Filter>runtime</Filter>
    </ClCompile>
    <ClCompile Include="windows_runtime.ixx">
      <Filter>runtime</Filter>
    </ClCompile>
    <ClCompile Include="console_color.ixx">
      <Filter>user interface\console</Filter>
    </ClCompile>
    <ClCompile Include="console_color_windows.ixx">
      <Filter>user interface\console</Filter>
    </ClCompile>
    <ClCompile Include="console_color_implement.ixx">
      <Filter>user interface\console</Filter>
    </ClCompile>
    <ClCompile Include="command.ixx">
      <Filter>user interface\command</Filter>
    </ClCompile>
    <ClCompile Include="eval_command.ixx">
      <Filter>user interface\command</Filter>
    </ClCompile>
    <ClCompile Include="command_user_interface_windows.ixx">
      <Filter>user interface</Filter>
    </ClCompile>
    <ClCompile Include="console_category.ixx">
      <Filter>user interface\console\error</Filter>
    </ClCompile>
    <ClCompile Include="console_error.ixx">
      <Filter>user interface\console\error</Filter>
    </ClCompile>
    <ClCompile Include="make_console_error.ixx">
      <Filter>user interface\console\error</Filter>
    </ClCompile>
    <ClCompile Include="benchmark_command.ixx">
      <Filter>user interface\command</Filter>
    </ClCompile>
    <ClCompile Include="logger.ixx">
      <Filter>utility\logger</Filter>
    </ClCompile>
    <ClCompile Include="stringify.ixx">
      <Filter>utility\logger</Filter>
    </ClCompile>
    <ClCompile Include="print.ixx">
      <Filter>utility\print</Filter>
    </ClCompile>
    <ClCompile Include="target.ixx">
      <Filter>utility\logger\tarrgets</Filter>
    </ClCompile>
    <ClCompile Include="console_target.ixx">
      <Filter>utility\logger\tarrgets</Filter>
    </ClCompile>
    <ClCompile Include="stream_target.ixx">
      <Filter>utility\logger\tarrgets</Filter>
    </ClCompile>
    <ClCompile Include="logger_level.ixx">
      <Filter>utility\logger\level</Filter>
    </ClCompile>
    <ClCompile Include="warn_logger_level.ixx">
      <Filter>utility\logger\level</Filter>
    </ClCompile>
    <ClCompile Include="bound_for_statement.ixx">
      <Filter>code analysis\binding\statement</Filter>
    </ClCompile>
    <ClCompile Include="bound_global_scope.ixx">
      <Filter>code analysis\binding</Filter>
    </ClCompile>
    <ClCompile Include="bound_if_statement.ixx">
      <Filter>code analysis\binding\statement</Filter>
    </ClCompile>
    <ClCompile Include="bound_boolean_literal_expression.ixx">
      <Filter>code analysis\binding\expression</Filter>
    </ClCompile>
    <ClCompile Include="bound_number_literal_expression.ixx">
      <Filter>code analysis\binding\expression</Filter>
    </ClCompile>
    <ClCompile Include="noexception.ixx">
      <Filter>utility</Filter>
    </ClCompile>
    <ClCompile Include="literal_variant.ixx">
      <Filter>code analysis\syntax\builtin</Filter>
    </ClCompile>
    <ClCompile Include="integral_optimization.ixx">
      <Filter>code analysis\syntax\builtin</Filter>
    </ClCompile>
  </ItemGroup>
</Project>