<?xml version="1.0" encoding="utf-8"?>
<Project ToolsVersion="4.0" xmlns="http://schemas.microsoft.com/developer/msbuild/2003">
  <ItemGroup>
    <Filter Include="public">
      <UniqueIdentifier>{f25a8e72-7686-4134-9e8f-f5e2b9982fb8}</UniqueIdentifier>
    </Filter>
    <Filter Include="private">
      <UniqueIdentifier>{0ec3c4b0-68a9-4351-bdbf-32b659ddcf1c}</UniqueIdentifier>
    </Filter>
  </ItemGroup>
  <ItemGroup>
    <ClInclude Include="main.h">
      <Filter>public</Filter>
    </ClInclude>
  </ItemGroup>
  <ItemGroup>
    <ClCompile Include="main.cpp">
      <Filter>private</Filter>
    </ClCompile>
  </ItemGroup>
</Project>