<?xml version="1.0" encoding="utf-8"?>
<Project ToolsVersion="4.0" xmlns="http://schemas.microsoft.com/developer/msbuild/2003">
  <ItemGroup>
    <Filter Include="kernel library">
      <UniqueIdentifier>{0ec3c4b0-68a9-4351-bdbf-32b659ddcf1c}</UniqueIdentifier>
    </Filter>
  </ItemGroup>
  <ItemGroup>
    <ClCompile Include="main.ixx" />
  </ItemGroup>
</Project>